
Microsoft Visual Studio Solution File, Format Version 12.00
# Visual Studio Version 17
VisualStudioVersion = 17.0.31912.275
MinimumVisualStudioVersion = 10.0.40219.1
Project("{FAE04EC0-301F-11D3-BF4B-00C04F79EFBC}") = "CateringLarissa2", "CateringLarissa2\CateringLarissa2.csproj", "{08C5A232-9967-42BC-A6ED-A1CE76FC61BC}"
EndProject
Global
	GlobalSection(SolutionConfigurationPlatforms) = preSolution
		Debug|Any CPU = Debug|Any CPU
		Release|Any CPU = Release|Any CPU
	EndGlobalSection
	GlobalSection(ProjectConfigurationPlatforms) = postSolution
		{08C5A232-9967-42BC-A6ED-A1CE76FC61BC}.Debug|Any CPU.ActiveCfg = Debug|Any CPU
		{08C5A232-9967-42BC-A6ED-A1CE76FC61BC}.Debug|Any CPU.Build.0 = Debug|Any CPU
		{08C5A232-9967-42BC-A6ED-A1CE76FC61BC}.Release|Any CPU.ActiveCfg = Release|Any CPU
		{08C5A232-9967-42BC-A6ED-A1CE76FC61BC}.Release|Any CPU.Build.0 = Release|Any CPU
	EndGlobalSection
	GlobalSection(SolutionProperties) = preSolution
		HideSolutionNode = FALSE
	EndGlobalSection
	GlobalSection(ExtensibilityGlobals) = postSolution
		SolutionGuid = {1EA9F521-02E2-46FF-8D0F-F6FEE37E7ACA}
	EndGlobalSection
EndGlobal
